{
  "version": "3",
  "packages": {
    "specifiers": {
      "jsr:@std/fmt@^0.225.6": "jsr:@std/fmt@0.225.6",
      "npm:kafkajs@^2.2.4": "npm:kafkajs@2.2.4"
    },
    "jsr": {
      "@std/fmt@0.225.6": {
        "integrity": "aba6aea27f66813cecfd9484e074a9e9845782ab0685c030e453a8a70b37afc8"
      }
    },
    "npm": {
      "kafkajs@2.2.4": {
        "integrity": "sha512-j/YeapB1vfPT2iOIUn/vxdyKEuhuY2PxMBvf5JWux6iSaukAccrMtXEY/Lb7OvavDhOWME589bpLrEdnVHjfjA==",
        "dependencies": {}
      }
    }
  },
  "remote": {},
  "workspace": {
    "dependencies": [
      "jsr:@std/fmt@^0.225.6",
      "npm:kafkajs@^2.2.4"
    ]
  }
}
